
Microsoft Visual Studio Solution File, Format Version 12.00
# Visual Studio 15
VisualStudioVersion = 15.0.28307.271
MinimumVisualStudioVersion = 10.0.40219.1
Project("{9A19103F-16F7-4668-BE54-9A1E7A4F7556}") = "PasskeyReplace", "PasskeyReplace\PasskeyReplace.csproj", "{81C6B88F-BF09-4F6F-91A7-AA040980F2D2}"
EndProject
Global
	GlobalSection(SolutionConfigurationPlatforms) = preSolution
		Debug|Any CPU = Debug|Any CPU
		Release|Any CPU = Release|Any CPU
	EndGlobalSection
	GlobalSection(ProjectConfigurationPlatforms) = postSolution
		{81C6B88F-BF09-4F6F-91A7-AA040980F2D2}.Debug|Any CPU.ActiveCfg = Debug|Any CPU
		{81C6B88F-BF09-4F6F-91A7-AA040980F2D2}.Debug|Any CPU.Build.0 = Debug|Any CPU
		{81C6B88F-BF09-4F6F-91A7-AA040980F2D2}.Release|Any CPU.ActiveCfg = Release|Any CPU
		{81C6B88F-BF09-4F6F-91A7-AA040980F2D2}.Release|Any CPU.Build.0 = Release|Any CPU
	EndGlobalSection
	GlobalSection(SolutionProperties) = preSolution
		HideSolutionNode = FALSE
	EndGlobalSection
	GlobalSection(ExtensibilityGlobals) = postSolution
		SolutionGuid = {EAC8C2B5-91C1-4A7E-A32D-6A93BCE231B5}
	EndGlobalSection
EndGlobal
